Microsoft Visual Studio Solution File, Format Version 12.00
# Visual Studio Version 17
VisualStudioVersion = 17.5.2.0
MinimumVisualStudioVersion = 10.0.40219.1
Project("{FAE04EC0-301F-11D3-BF4B-00C04F79EFBC}") = "SocialButterfly", "SocialButterfly.csproj", "{C448E469-FCE5-DE9D-E811-D0AA8B04F970}"
EndProject
Global
	GlobalSection(SolutionConfigurationPlatforms) = preSolution
		Debug|Any CPU = Debug|Any CPU
		Release|Any CPU = Release|Any CPU
	EndGlobalSection
	GlobalSection(ProjectConfigurationPlatforms) = postSolution
		{C448E469-FCE5-DE9D-E811-D0AA8B04F970}.Debug|Any CPU.ActiveCfg = Debug|Any CPU
		{C448E469-FCE5-DE9D-E811-D0AA8B04F970}.Debug|Any CPU.Build.0 = Debug|Any CPU
		{C448E469-FCE5-DE9D-E811-D0AA8B04F970}.Release|Any CPU.ActiveCfg = Release|Any CPU
		{C448E469-FCE5-DE9D-E811-D0AA8B04F970}.Release|Any CPU.Build.0 = Release|Any CPU
	EndGlobalSection
	GlobalSection(SolutionProperties) = preSolution
		HideSolutionNode = FALSE
	EndGlobalSection
	GlobalSection(ExtensibilityGlobals) = postSolution
		SolutionGuid = {6884EADA-45FF-402D-8AFF-A664DC0A789F}
	EndGlobalSection
EndGlobal
